
Microsoft Visual Studio Solution File, Format Version 12.00
# Visual Studio Version 17
VisualStudioVersion = 17.9.34607.119
MinimumVisualStudioVersion = 10.0.40219.1
Project("{8BC9CEB8-8B4A-11D0-8D11-00A0C91BC942}") = "strukturc++", "strukturc++\strukturc++.vcxproj", "{369EB972-1AC4-4195-9517-F9740E0106C1}"
EndProject
Project("{8BC9CEB8-8B4A-11D0-8D11-00A0C91BC942}") = "strukturc2", "strukturc2\strukturc2.vcxproj", "{17263B1F-9851-4AB2-8048-15B067598250}"
EndProject
Project("{8BC9CEB8-8B4A-11D0-8D11-00A0C91BC942}") = "strukturcdengangetline", "strukturcdengangetline\strukturcdengangetline.vcxproj", "{E2E2075D-8EA4-4342-8A8C-79FC192DA16A}"
EndProject
Global
	GlobalSection(SolutionConfigurationPlatforms) = preSolution
		Debug|x64 = Debug|x64
		Debug|x86 = Debug|x86
		Release|x64 = Release|x64
		Release|x86 = Release|x86
	EndGlobalSection
	GlobalSection(ProjectConfigurationPlatforms) = postSolution
		{369EB972-1AC4-4195-9517-F9740E0106C1}.Debug|x64.ActiveCfg = Debug|x64
		{369EB972-1AC4-4195-9517-F9740E0106C1}.Debug|x64.Build.0 = Debug|x64
		{369EB972-1AC4-4195-9517-F9740E0106C1}.Debug|x86.ActiveCfg = Debug|Win32
		{369EB972-1AC4-4195-9517-F9740E0106C1}.Debug|x86.Build.0 = Debug|Win32
		{369EB972-1AC4-4195-9517-F9740E0106C1}.Release|x64.ActiveCfg = Release|x64
		{369EB972-1AC4-4195-9517-F9740E0106C1}.Release|x64.Build.0 = Release|x64
		{369EB972-1AC4-4195-9517-F9740E0106C1}.Release|x86.ActiveCfg = Release|Win32
		{369EB972-1AC4-4195-9517-F9740E0106C1}.Release|x86.Build.0 = Release|Win32
		{17263B1F-9851-4AB2-8048-15B067598250}.Debug|x64.ActiveCfg = Debug|x64
		{17263B1F-9851-4AB2-8048-15B067598250}.Debug|x64.Build.0 = Debug|x64
		{17263B1F-9851-4AB2-8048-15B067598250}.Debug|x86.ActiveCfg = Debug|Win32
		{17263B1F-9851-4AB2-8048-15B067598250}.Debug|x86.Build.0 = Debug|Win32
		{17263B1F-9851-4AB2-8048-15B067598250}.Release|x64.ActiveCfg = Release|x64
		{17263B1F-9851-4AB2-8048-15B067598250}.Release|x64.Build.0 = Release|x64
		{17263B1F-9851-4AB2-8048-15B067598250}.Release|x86.ActiveCfg = Release|Win32
		{17263B1F-9851-4AB2-8048-15B067598250}.Release|x86.Build.0 = Release|Win32
		{E2E2075D-8EA4-4342-8A8C-79FC192DA16A}.Debug|x64.ActiveCfg = Debug|x64
		{E2E2075D-8EA4-4342-8A8C-79FC192DA16A}.Debug|x64.Build.0 = Debug|x64
		{E2E2075D-8EA4-4342-8A8C-79FC192DA16A}.Debug|x86.ActiveCfg = Debug|Win32
		{E2E2075D-8EA4-4342-8A8C-79FC192DA16A}.Debug|x86.Build.0 = Debug|Win32
		{E2E2075D-8EA4-4342-8A8C-79FC192DA16A}.Release|x64.ActiveCfg = Release|x64
		{E2E2075D-8EA4-4342-8A8C-79FC192DA16A}.Release|x64.Build.0 = Release|x64
		{E2E2075D-8EA4-4342-8A8C-79FC192DA16A}.Release|x86.ActiveCfg = Release|Win32
		{E2E2075D-8EA4-4342-8A8C-79FC192DA16A}.Release|x86.Build.0 = Release|Win32
	EndGlobalSection
	GlobalSection(SolutionProperties) = preSolution
		HideSolutionNode = FALSE
	EndGlobalSection
	GlobalSection(ExtensibilityGlobals) = postSolution
		SolutionGuid = {A4388E18-D1AC-4F01-AEB6-A537B8619512}
	EndGlobalSection
EndGlobal
